# This file is autogenerated, do not edit; changes may be undone by the next 'dep ensure'.


[[projects]]
  branch = "master"
  digest = "1:9e7c5138114ff9c51a60731b3a425c319305013c6ea8b3f60fd2435baba1a0db"
  name = "github.com/btcsuite/btcd"
  packages = ["btcec"]
  pruneopts = "UT"
  revision = "130ea5bddde33df32b06a1cdb42a6316eb73cff5"

[[projects]]
  digest = "1:338e16cd24a624a326d9a69299e0c59a2bb717bec61666df4eda053f4a6f0486"
  name = "github.com/ndau/ndaumath"
  packages = [
    "pkg/address",
    "pkg/b32",
    "pkg/bip32",
    "pkg/key",
    "pkg/keyaddr",
    "pkg/signature",
    "pkg/signature/algorithms/ed25519",
    "pkg/signature/algorithms/null",
    "pkg/signature/algorithms/secp256k1",
    "pkg/words",
  ]
  pruneopts = "UT"
  revision = "de5a90c45d3f079f1a263819493d2f7a70bb4b8b"
  version = "v1.3.6"

[[projects]]
  digest = "1:5e73b34a27d827212102605789de00bd411b2e434812133c83935fe9897c75e1"
  name = "github.com/philhofer/fwd"
  packages = ["."]
  pruneopts = "UT"
  revision = "bb6d471dc95d4fe11e432687f8b70ff496cf3136"
  version = "v1.0.0"

[[projects]]
  digest = "1:cf31692c14422fa27c83a05292eb5cbe0fb2775972e8f1f8446a71549bd8980b"
  name = "github.com/pkg/errors"
  packages = ["."]
  pruneopts = "UT"
  revision = "ba968bfe8b2f7e042a574c888954fccecfa385b4"
  version = "v0.8.1"

[[projects]]
  branch = "master"
  digest = "1:ca6c900b72294573523e64f95912d6a1eb33ab6258ec47768773e3103c5edd8c"
  name = "github.com/sigurn/crc16"
  packages = ["."]
  pruneopts = "UT"
  revision = "da416fad5162ac0f3338ba24dccdb26e4da22485"

[[projects]]
  branch = "master"
  digest = "1:9d28215d73b440103dc50aa3db82029a7e887c88977dfeba6c82bcf81857a0d9"
  name = "github.com/sigurn/utils"
  packages = ["."]
  pruneopts = "UT"
  revision = "e1fefb11a1443cb504cb88b973005f995b085de6"

[[projects]]
  digest = "1:c97e8a5e5c435c3287f581cdb4441ba34577ec6ead8422bfedafa6269af7abf6"
  name = "github.com/tinylib/msgp"
  packages = ["msgp"]
  pruneopts = "UT"
  revision = "af6442a0fcf6e2a1b824f70dd0c734f01e817751"
  version = "v1.1.0"

[[projects]]
  branch = "master"
  digest = "1:cd7e85fc3687e062714febdee3e8efeb00a413a2a620d28908fd0258261d2353"
  name = "golang.org/x/crypto"
  packages = [
    "ed25519",
    "ed25519/internal/edwards25519",
  ]
  pruneopts = "UT"
  revision = "227b76d455e791cb042b03e633e2f7fbcfdf74a5"

[solve-meta]
  analyzer-name = "dep"
  analyzer-version = 1
  input-imports = ["github.com/ndau/ndaumath/pkg/keyaddr"]
  solver-name = "gps-cdcl"
  solver-version = 1
